{
  "name": "Eventus",
  "lockfileVersion": 3,
  "requires": true,
  "packages": {
    "": {
      "dependencies": {
        "pdfjs-dist": "^5.4.449"
      }
    },
    "node_modules/@napi-rs/canvas": {
      "version": "0.1.86",
      "resolved": "https://registry.npmjs.org/@napi-rs/canvas/-/canvas-0.1.86.tgz",
      "integrity": "sha512-hOkywnrkdFdVpsuaNsZWfEY7kc96eROV2DuMTTvGF15AZfwobzdG2w0eDlU5UBx3Lg/XlWUnqVT5zLUWyo5h6A==",
      "license": "MIT",
      "optional": true,
      "workspaces": [
        "e2e/*"
      ],
      "engines": {
        "node": ">= 10"
      },
      "funding": {
        "type": "github",
        "url": "https://github.com/sponsors/Brooooooklyn"
      },
      "optionalDependencies": {
        "@napi-rs/canvas-android-arm64": "0.1.86",
        "@napi-rs/canvas-darwin-arm64": "0.1.86",
        "@napi-rs/canvas-darwin-x64": "0.1.86",
        "@napi-rs/canvas-linux-arm-gnueabihf": "0.1.86",
        "@napi-rs/canvas-linux-arm64-gnu": "0.1.86",
        "@napi-rs/canvas-linux-arm64-musl": "0.1.86",
        "@napi-rs/canvas-linux-riscv64-gnu": "0.1.86",
        "@napi-rs/canvas-linux-x64-gnu": "0.1.86",
        "@napi-rs/canvas-linux-x64-musl": "0.1.86",
        "@napi-rs/canvas-win32-arm64-msvc": "0.1.86",
        "@napi-rs/canvas-win32-x64-msvc": "0.1.86"
      }
    },
    "node_modules/@napi-rs/canvas-android-arm64": {
      "version": "0.1.86",
      "resolved": "https://registry.npmjs.org/@napi-rs/canvas-android-arm64/-/canvas-android-arm64-0.1.86.tgz",
      "integrity": "sha512-IjkZFKUr6GzMzzrawJaN3v+yY3Fvpa71e0DcbePfxWelFKnESIir+XUcdAbim29JOd0JE0/hQJdfUCb5t/Fjrw==",
      "cpu": [
        "arm64"
      ],
      "license": "MIT",
      "optional": true,
      "os": [
        "android"
      ],
      "engines": {
        "node": ">= 10"
      },
      "funding": {
        "type": "github",
        "url": "https://github.com/sponsors/Brooooooklyn"
      }
    },
    "node_modules/@napi-rs/canvas-darwin-arm64": {
      "version": "0.1.86",
      "resolved": "https://registry.npmjs.org/@napi-rs/canvas-darwin-arm64/-/canvas-darwin-arm64-0.1.86.tgz",
      "integrity": "sha512-PUCxDq0wSSJbtaOqoKj3+t5tyDbtxWumziOTykdn3T839hu6koMaBFpGk9lXpsGaPNgyFpPqjxhtsPljBGnDHg==",
      "cpu": [
        "arm64"
      ],
      "license": "MIT",
      "optional": true,
      "os": [
        "darwin"
      ],
      "engines": {
        "node": ">= 10"
      },
      "funding": {
        "type": "github",
        "url": "https://github.com/sponsors/Brooooooklyn"
      }
    },
    "node_modules/@napi-rs/canvas-darwin-x64": {
      "version": "0.1.86",
      "resolved": "https://registry.npmjs.org/@napi-rs/canvas-darwin-x64/-/canvas-darwin-x64-0.1.86.tgz",
      "integrity": "sha512-rlCFLv4Rrg45qFZq7mysrKnsUbMhwdNg3YPuVfo9u4RkOqm7ooAJvdyDFxiqfSsJJTqupYqa9VQCUt8WKxKhNQ==",
      "cpu": [
        "x64"
      ],
      "license": "MIT",
      "optional": true,
      "os": [
        "darwin"
      ],
      "engines": {
        "node": ">= 10"
      },
      "funding": {
        "type": "github",
        "url": "https://github.com/sponsors/Brooooooklyn"
      }
    },
    "node_modules/@napi-rs/canvas-linux-arm-gnueabihf": {
      "version": "0.1.86",
      "resolved": "https://registry.npmjs.org/@napi-rs/canvas-linux-arm-gnueabihf/-/canvas-linux-arm-gnueabihf-0.1.86.tgz",
      "integrity": "sha512-6xWwyMc9BlDBt+9XHN/GzUo3MozHta/2fxQHMb80x0K2zpZuAdDKUYHmYzx9dFWDY3SbPYnx6iRlQl6wxnwS1w==",
      "cpu": [
        "arm"
      ],
      "license": "MIT",
      "optional": true,
      "os": [
        "linux"
      ],
      "engines": {
        "node": ">= 10"
      },
      "funding": {
        "type": "github",
        "url": "https://github.com/sponsors/Brooooooklyn"
      }
    },
    "node_modules/@napi-rs/canvas-linux-arm64-gnu": {
      "version": "0.1.86",
      "resolved": "https://registry.npmjs.org/@napi-rs/canvas-linux-arm64-gnu/-/canvas-linux-arm64-gnu-0.1.86.tgz",
      "integrity": "sha512-r2OX3w50xHxrToTovOSQWwkVfSq752CUzH9dzlVXyr8UDKFV8dMjfa9hePXvAJhN3NBp4TkHcGx15QCdaCIwnA==",
      "cpu": [
        "arm64"
      ],
      "license": "MIT",
      "optional": true,
      "os": [
        "linux"
      ],
      "engines": {
        "node": ">= 10"
      },
      "funding": {
        "type": "github",
        "url": "https://github.com/sponsors/Brooooooklyn"
      }
    },
    "node_modules/@napi-rs/canvas-linux-arm64-musl": {
      "version": "0.1.86",
      "resolved": "https://registry.npmjs.org/@napi-rs/canvas-linux-arm64-musl/-/canvas-linux-arm64-musl-0.1.86.tgz",
      "integrity": "sha512-jbXuh8zVFUPw6a9SGpgc6EC+fRbGGyP1NFfeQiVqGLs6bN93ROtPLPL6MH9Bp6yt0CXUFallk2vgKdWDbmW+bw==",
      "cpu": [
        "arm64"
      ],
      "license": "MIT",
      "optional": true,
      "os": [
        "linux"
      ],
      "engines": {
        "node": ">= 10"
      },
      "funding": {
        "type": "github",
        "url": "https://github.com/sponsors/Brooooooklyn"
      }
    },
    "node_modules/@napi-rs/canvas-linux-riscv64-gnu": {
      "version": "0.1.86",
      "resolved": "https://registry.npmjs.org/@napi-rs/canvas-linux-riscv64-gnu/-/canvas-linux-riscv64-gnu-0.1.86.tgz",
      "integrity": "sha512-9IwHR2qbq2HceM9fgwyL7x37Jy3ptt1uxvikQEuWR0FisIx9QEdt7F3huljCky76aoouF2vSd0R2fHo3ESRoPw==",
      "cpu": [
        "riscv64"
      ],
      "license": "MIT",
      "optional": true,
      "os": [
        "linux"
      ],
      "engines": {
        "node": ">= 10"
      },
      "funding": {
        "type": "github",
        "url": "https://github.com/sponsors/Brooooooklyn"
      }
    },
    "node_modules/@napi-rs/canvas-linux-x64-gnu": {
      "version": "0.1.86",
      "resolved": "https://registry.npmjs.org/@napi-rs/canvas-linux-x64-gnu/-/canvas-linux-x64-gnu-0.1.86.tgz",
      "integrity": "sha512-Jor+rhRN6ubix+D2QkNn9XlPPVAYl+2qFrkZ4oZN9UgtqIUZ+n+HljxhlkkDFRaX1mlxXOXPQjxaZg17zDSFcQ==",
      "cpu": [
        "x64"
      ],
      "license": "MIT",
      "optional": true,
      "os": [
        "linux"
      ],
      "engines": {
        "node": ">= 10"
      },
      "funding": {
        "type": "github",
        "url": "https://github.com/sponsors/Brooooooklyn"
      }
    },
    "node_modules/@napi-rs/canvas-linux-x64-musl": {
      "version": "0.1.86",
      "resolved": "https://registry.npmjs.org/@napi-rs/canvas-linux-x64-musl/-/canvas-linux-x64-musl-0.1.86.tgz",
      "integrity": "sha512-A28VTy91DbclopSGZ2tIon3p8hcVI1JhnNpDpJ5N9rYlUnVz1WQo4waEMh+FICTZF07O3coxBNZc4Vu4doFw7A==",
      "cpu": [
        "x64"
      ],
      "license": "MIT",
      "optional": true,
      "os": [
        "linux"
      ],
      "engines": {
        "node": ">= 10"
      },
      "funding": {
        "type": "github",
        "url": "https://github.com/sponsors/Brooooooklyn"
      }
    },
    "node_modules/@napi-rs/canvas-win32-arm64-msvc": {
      "version": "0.1.86",
      "resolved": "https://registry.npmjs.org/@napi-rs/canvas-win32-arm64-msvc/-/canvas-win32-arm64-msvc-0.1.86.tgz",
      "integrity": "sha512-q6G1YXUt3gBCAS2bcDMCaBL4y20di8eVVBi1XhjUqZSVyZZxxwIuRQHy31NlPJUCMiyNiMuc6zeI0uqgkWwAmA==",
      "cpu": [
        "arm64"
      ],
      "license": "MIT",
      "optional": true,
      "os": [
        "win32"
      ],
      "engines": {
        "node": ">= 10"
      },
      "funding": {
        "type": "github",
        "url": "https://github.com/sponsors/Brooooooklyn"
      }
    },
    "node_modules/@napi-rs/canvas-win32-x64-msvc": {
      "version": "0.1.86",
      "resolved": "https://registry.npmjs.org/@napi-rs/canvas-win32-x64-msvc/-/canvas-win32-x64-msvc-0.1.86.tgz",
      "integrity": "sha512-X0g46uRVgnvCM1cOjRXAOSFSG63ktUFIf/TIfbKCUc7QpmYUcHmSP9iR6DGOYfk+SggLsXoJCIhPTotYeZEAmg==",
      "cpu": [
        "x64"
      ],
      "license": "MIT",
      "optional": true,
      "os": [
        "win32"
      ],
      "engines": {
        "node": ">= 10"
      },
      "funding": {
        "type": "github",
        "url": "https://github.com/sponsors/Brooooooklyn"
      }
    },
    "node_modules/pdfjs-dist": {
      "version": "5.4.449",
      "resolved": "https://registry.npmjs.org/pdfjs-dist/-/pdfjs-dist-5.4.449.tgz",
      "integrity": "sha512-CegnUaT0QwAyQMS+7o2POr4wWUNNe8VaKKlcuoRHeYo98cVnqPpwOXNSx6Trl6szH02JrRcsPgletV6GmF3LtQ==",
      "license": "Apache-2.0",
      "engines": {
        "node": ">=20.16.0 || >=22.3.0"
      },
      "optionalDependencies": {
        "@napi-rs/canvas": "^0.1.81"
      }
    }
  }
}
